
Microsoft Visual Studio Solution File, Format Version 12.00
# Visual Studio Version 17
VisualStudioVersion = 17.6.33829.357
MinimumVisualStudioVersion = 10.0.40219.1
Project("{FAE04EC0-301F-11D3-BF4B-00C04F79EFBC}") = "EncodedCalculator", "EncodedCalculator\EncodedCalculator.csproj", "{D1458E7F-C786-4DEA-BDA1-241308D4F226}"
EndProject
Global
	GlobalSection(SolutionConfigurationPlatforms) = preSolution
		Debug|Any CPU = Debug|Any CPU
		Release|Any CPU = Release|Any CPU
	EndGlobalSection
	GlobalSection(ProjectConfigurationPlatforms) = postSolution
		{D1458E7F-C786-4DEA-BDA1-241308D4F226}.Debug|Any CPU.ActiveCfg = Debug|Any CPU
		{D1458E7F-C786-4DEA-BDA1-241308D4F226}.Debug|Any CPU.Build.0 = Debug|Any CPU
		{D1458E7F-C786-4DEA-BDA1-241308D4F226}.Release|Any CPU.ActiveCfg = Release|Any CPU
		{D1458E7F-C786-4DEA-BDA1-241308D4F226}.Release|Any CPU.Build.0 = Release|Any CPU
	EndGlobalSection
	GlobalSection(SolutionProperties) = preSolution
		HideSolutionNode = FALSE
	EndGlobalSection
	GlobalSection(ExtensibilityGlobals) = postSolution
		SolutionGuid = {BC9EC4F6-666F-414C-BA1B-01EF4C67AE79}
	EndGlobalSection
EndGlobal
